
Microsoft Visual Studio Solution File, Format Version 12.00
# Visual Studio Version 16
VisualStudioVersion = 16.0.30413.136
MinimumVisualStudioVersion = 10.0.40219.1
Project("{FAE04EC0-301F-11D3-BF4B-00C04F79EFBC}") = "MiCalculadora", "MiCalculadora\MiCalculadora.csproj", "{20B81B9F-CBD0-4DE9-9DDC-B0DD94905A4A}"
EndProject
Project("{FAE04EC0-301F-11D3-BF4B-00C04F79EFBC}") = "Entidades", "Entidades\Entidades.csproj", "{8E8A5D92-CE26-44A7-8188-77E861056DA4}"
EndProject
Global
	GlobalSection(SolutionConfigurationPlatforms) = preSolution
		Debug|Any CPU = Debug|Any CPU
		Release|Any CPU = Release|Any CPU
	EndGlobalSection
	GlobalSection(ProjectConfigurationPlatforms) = postSolution
		{20B81B9F-CBD0-4DE9-9DDC-B0DD94905A4A}.Debug|Any CPU.ActiveCfg = Debug|Any CPU
		{20B81B9F-CBD0-4DE9-9DDC-B0DD94905A4A}.Debug|Any CPU.Build.0 = Debug|Any CPU
		{20B81B9F-CBD0-4DE9-9DDC-B0DD94905A4A}.Release|Any CPU.ActiveCfg = Release|Any CPU
		{20B81B9F-CBD0-4DE9-9DDC-B0DD94905A4A}.Release|Any CPU.Build.0 = Release|Any CPU
		{8E8A5D92-CE26-44A7-8188-77E861056DA4}.Debug|Any CPU.ActiveCfg = Debug|Any CPU
		{8E8A5D92-CE26-44A7-8188-77E861056DA4}.Debug|Any CPU.Build.0 = Debug|Any CPU
		{8E8A5D92-CE26-44A7-8188-77E861056DA4}.Release|Any CPU.ActiveCfg = Release|Any CPU
		{8E8A5D92-CE26-44A7-8188-77E861056DA4}.Release|Any CPU.Build.0 = Release|Any CPU
	EndGlobalSection
	GlobalSection(SolutionProperties) = preSolution
		HideSolutionNode = FALSE
	EndGlobalSection
	GlobalSection(ExtensibilityGlobals) = postSolution
		SolutionGuid = {273C779C-1A93-4526-A895-1670A285E1D9}
	EndGlobalSection
EndGlobal
